// !$*UTF8*$!
{
	archiveVersion = 1;
	classes = {
	};
	objectVersion = 46;
	objects = {

/* Begin PBXBuildFile section */
		043B78FE1AB6E17200D7E10B /* BehListeTableViewController.m in Sources */ = {isa = PBXBuildFile; fileRef = 043B78FD1AB6E17200D7E10B /* BehListeTableViewController.m */; };
		04FACEC71AADBCF9009789BA /* main.m in Sources */ = {isa = PBXBuildFile; fileRef = 04FACEC61AADBCF9009789BA /* main.m */; };
		04FACECA1AADBCF9009789BA /* AppDelegate.m in Sources */ = {isa = PBXBuildFile; fileRef = 04FACEC91AADBCF9009789BA /* AppDelegate.m */; };
		04FACECD1AADBCF9009789BA /* NyhetsViewController.m in Sources */ = {isa = PBXBuildFile; fileRef = 04FACECC1AADBCF9009789BA /* NyhetsViewController.m */; };
		04FACED01AADBCF9009789BA /* SecondViewController.m in Sources */ = {isa = PBXBuildFile; fileRef = 04FACECF1AADBCF9009789BA /* SecondViewController.m */; };
		04FACED31AADBCF9009789BA /* Main.storyboard in Resources */ = {isa = PBXBuildFile; fileRef = 04FACED11AADBCF9009789BA /* Main.storyboard */; };
		04FACED51AADBCF9009789BA /* Images.xcassets in Resources */ = {isa = PBXBuildFile; fileRef = 04FACED41AADBCF9009789BA /* Images.xcassets */; };
		04FACED81AADBCF9009789BA /* LaunchScreen.xib in Resources */ = {isa = PBXBuildFile; fileRef = 04FACED61AADBCF9009789BA /* LaunchScreen.xib */; };
		04FACEE41AADBCF9009789BA /* aMedTests.m in Sources */ = {isa = PBXBuildFile; fileRef = 04FACEE31AADBCF9009789BA /* aMedTests.m */; };
		5C218CCE1AADC5AA00D408AC /* finnBehandlerTableViewController.m in Sources */ = {isa = PBXBuildFile; fileRef = 5C218CCD1AADC5AA00D408AC /* finnBehandlerTableViewController.m */; };
		5C218CD11AADCEC100D408AC /* NavBarViewController.m in Sources */ = {isa = PBXBuildFile; fileRef = 5C218CD01AADCEC100D408AC /* NavBarViewController.m */; };
		5C218CD41AADCF7400D408AC /* TabBarViewController.m in Sources */ = {isa = PBXBuildFile; fileRef = 5C218CD31AADCF7400D408AC /* TabBarViewController.m */; };
/* End PBXBuildFile section */

/* Begin PBXContainerItemProxy section */
		04FACEDE1AADBCF9009789BA /* PBXContainerItemProxy */ = {
			isa = PBXContainerItemProxy;
			containerPortal = 04FACEB91AADBCF9009789BA /* Project object */;
			proxyType = 1;
			remoteGlobalIDString = 04FACEC01AADBCF9009789BA;
			remoteInfo = aMed;
		};
/* End PBXContainerItemProxy section */

/* Begin PBXFileReference section */
		043B78FC1AB6E17200D7E10B /* BehListeTableViewController.h */ = {isa = PBXFileReference; fileEncoding = 4; lastKnownFileType = sourcecode.c.h; path = BehListeTableViewController.h; sourceTree = "<group>"; };
		043B78FD1AB6E17200D7E10B /* BehListeTableViewController.m */ = {isa = PBXFileReference; fileEncoding = 4; lastKnownFileType = sourcecode.c.objc; path = BehListeTableViewController.m; sourceTree = "<group>"; };
		04FACEC11AADBCF9009789BA /* aMed.app */ = {isa = PBXFileReference; explicitFileType = wrapper.application; includeInIndex = 0; path = aMed.app; sourceTree = BUILT_PRODUCTS_DIR; };
		04FACEC51AADBCF9009789BA /* Info.plist */ = {isa = PBXFileReference; lastKnownFileType = text.plist.xml; path = Info.plist; sourceTree = "<group>"; };
		04FACEC61AADBCF9009789BA /* main.m */ = {isa = PBXFileReference; lastKnownFileType = sourcecode.c.objc; path = main.m; sourceTree = "<group>"; };
		04FACEC81AADBCF9009789BA /* AppDelegate.h */ = {isa = PBXFileReference; lastKnownFileType = sourcecode.c.h; path = AppDelegate.h; sourceTree = "<group>"; };
		04FACEC91AADBCF9009789BA /* AppDelegate.m */ = {isa = PBXFileReference; lastKnownFileType = sourcecode.c.objc; path = AppDelegate.m; sourceTree = "<group>"; };
		04FACECB1AADBCF9009789BA /* NyhetsViewController.h */ = {isa = PBXFileReference; lastKnownFileType = sourcecode.c.h; path = NyhetsViewController.h; sourceTree = "<group>"; };
		04FACECC1AADBCF9009789BA /* NyhetsViewController.m */ = {isa = PBXFileReference; lastKnownFileType = sourcecode.c.objc; path = NyhetsViewController.m; sourceTree = "<group>"; };
		04FACECE1AADBCF9009789BA /* SecondViewController.h */ = {isa = PBXFileReference; lastKnownFileType = sourcecode.c.h; path = SecondViewController.h; sourceTree = "<group>"; };
		04FACECF1AADBCF9009789BA /* SecondViewController.m */ = {isa = PBXFileReference; lastKnownFileType = sourcecode.c.objc; path = SecondViewController.m; sourceTree = "<group>"; };
		04FACED21AADBCF9009789BA /* Base */ = {isa = PBXFileReference; lastKnownFileType = file.storyboard; name = Base; path = Base.lproj/Main.storyboard; sourceTree = "<group>"; };
		04FACED41AADBCF9009789BA /* Images.xcassets */ = {isa = PBXFileReference; lastKnownFileType = folder.assetcatalog; path = Images.xcassets; sourceTree = "<group>"; };
		04FACED71AADBCF9009789BA /* Base */ = {isa = PBXFileReference; lastKnownFileType = file.xib; name = Base; path = Base.lproj/LaunchScreen.xib; sourceTree = "<group>"; };
		04FACEDD1AADBCF9009789BA /* aMedTests.xctest */ = {isa = PBXFileReference; explicitFileType = wrapper.cfbundle; includeInIndex = 0; path = aMedTests.xctest; sourceTree = BUILT_PRODUCTS_DIR; };
		04FACEE21AADBCF9009789BA /* Info.plist */ = {isa = PBXFileReference; lastKnownFileType = text.plist.xml; path = Info.plist; sourceTree = "<group>"; };
		04FACEE31AADBCF9009789BA /* aMedTests.m */ = {isa = PBXFileReference; lastKnownFileType = sourcecode.c.objc; path = aMedTests.m; sourceTree = "<group>"; };
		5C218CCC1AADC5AA00D408AC /* finnBehandlerTableViewController.h */ = {isa = PBXFileReference; fileEncoding = 4; lastKnownFileType = sourcecode.c.h; path = finnBehandlerTableViewController.h; sourceTree = "<group>"; };
		5C218CCD1AADC5AA00D408AC /* finnBehandlerTableViewController.m */ = {isa = PBXFileReference; fileEncoding = 4; lastKnownFileType = sourcecode.c.objc; path = finnBehandlerTableViewController.m; sourceTree = "<group>"; };
		5C218CCF1AADCEC100D408AC /* NavBarViewController.h */ = {isa = PBXFileReference; fileEncoding = 4; lastKnownFileType = sourcecode.c.h; path = NavBarViewController.h; sourceTree = "<group>"; };
		5C218CD01AADCEC100D408AC /* NavBarViewController.m */ = {isa = PBXFileReference; fileEncoding = 4; lastKnownFileType = sourcecode.c.objc; path = NavBarViewController.m; sourceTree = "<group>"; };
		5C218CD21AADCF7400D408AC /* TabBarViewController.h */ = {isa = PBXFileReference; fileEncoding = 4; lastKnownFileType = sourcecode.c.h; path = TabBarViewController.h; sourceTree = "<group>"; };
		5C218CD31AADCF7400D408AC /* TabBarViewController.m */ = {isa = PBXFileReference; fileEncoding = 4; lastKnownFileType = sourcecode.c.objc; path = TabBarViewController.m; sourceTree = "<group>"; };
/* End PBXFileReference section */

/* Begin PBXFrameworksBuildPhase section */
		04FACEBE1AADBCF9009789BA /* Frameworks */ = {
			isa = PBXFrameworksBuildPhase;
			buildActionMask = 2147483647;
			files = (
			);
			runOnlyForDeploymentPostprocessing = 0;
		};
		04FACEDA1AADBCF9009789BA /* Frameworks */ = {
			isa = PBXFrameworksBuildPhase;
			buildActionMask = 2147483647;
			files = (
			);
			runOnlyForDeploymentPostprocessing = 0;
		};
/* End PBXFrameworksBuildPhase section */

/* Begin PBXGroup section */
		04FACEB81AADBCF9009789BA = {
			isa = PBXGroup;
			children = (
				04FACEC31AADBCF9009789BA /* aMed */,
				04FACEE01AADBCF9009789BA /* aMedTests */,
				04FACEC21AADBCF9009789BA /* Products */,
			);
			sourceTree = "<group>";
		};
		04FACEC21AADBCF9009789BA /* Products */ = {
			isa = PBXGroup;
			children = (
				04FACEC11AADBCF9009789BA /* aMed.app */,
				04FACEDD1AADBCF9009789BA /* aMedTests.xctest */,
			);
			name = Products;
			sourceTree = "<group>";
		};
		04FACEC31AADBCF9009789BA /* aMed */ = {
			isa = PBXGroup;
			children = (
				04FACEC81AADBCF9009789BA /* AppDelegate.h */,
				04FACEC91AADBCF9009789BA /* AppDelegate.m */,
				04FACECB1AADBCF9009789BA /* NyhetsViewController.h */,
				04FACECC1AADBCF9009789BA /* NyhetsViewController.m */,
				04FACECE1AADBCF9009789BA /* SecondViewController.h */,
				04FACECF1AADBCF9009789BA /* SecondViewController.m */,
				04FACED11AADBCF9009789BA /* Main.storyboard */,
				043B78FC1AB6E17200D7E10B /* BehListeTableViewController.h */,
				043B78FD1AB6E17200D7E10B /* BehListeTableViewController.m */,
				5C218CCF1AADCEC100D408AC /* NavBarViewController.h */,
				5C218CD01AADCEC100D408AC /* NavBarViewController.m */,
				5C218CD21AADCF7400D408AC /* TabBarViewController.h */,
				5C218CD31AADCF7400D408AC /* TabBarViewController.m */,
				5C218CCC1AADC5AA00D408AC /* finnBehandlerTableViewController.h */,
				5C218CCD1AADC5AA00D408AC /* finnBehandlerTableViewController.m */,
				04FACED41AADBCF9009789BA /* Images.xcassets */,
				04FACED61AADBCF9009789BA /* LaunchScreen.xib */,
				04FACEC41AADBCF9009789BA /* Supporting Files */,
			);
			path = aMed;
			sourceTree = "<group>";
		};
		04FACEC41AADBCF9009789BA /* Supporting Files */ = {
			isa = PBXGroup;
			children = (
				04FACEC51AADBCF9009789BA /* Info.plist */,
				04FACEC61AADBCF9009789BA /* main.m */,
			);
			name = "Supporting Files";
			sourceTree = "<group>";
		};
		04FACEE01AADBCF9009789BA /* aMedTests */ = {
			isa = PBXGroup;
			children = (
				04FACEE31AADBCF9009789BA /* aMedTests.m */,
				04FACEE11AADBCF9009789BA /* Supporting Files */,
			);
			path = aMedTests;
			sourceTree = "<group>";
		};
		04FACEE11AADBCF9009789BA /* Supporting Files */ = {
			isa = PBXGroup;
			children = (
				04FACEE21AADBCF9009789BA /* Info.plist */,
			);
			name = "Supporting Files";
			sourceTree = "<group>";
		};
/* End PBXGroup section */

/* Begin PBXNativeTarget section */
		04FACEC01AADBCF9009789BA /* aMed */ = {
			isa = PBXNativeTarget;
			buildConfigurationList = 04FACEE71AADBCF9009789BA /* Build configuration list for PBXNativeTarget "aMed" */;
			buildPhases = (
				04FACEBD1AADBCF9009789BA /* Sources */,
				04FACEBE1AADBCF9009789BA /* Frameworks */,
				04FACEBF1AADBCF9009789BA /* Resources */,
			);
			buildRules = (
			);
			dependencies = (
			);
			name = aMed;
			productName = aMed;
			productReference = 04FACEC11AADBCF9009789BA /* aMed.app */;
			productType = "com.apple.product-type.application";
		};
		04FACEDC1AADBCF9009789BA /* aMedTests */ = {
			isa = PBXNativeTarget;
			buildConfigurationList = 04FACEEA1AADBCF9009789BA /* Build configuration list for PBXNativeTarget "aMedTests" */;
			buildPhases = (
				04FACED91AADBCF9009789BA /* Sources */,
				04FACEDA1AADBCF9009789BA /* Frameworks */,
				04FACEDB1AADBCF9009789BA /* Resources */,
			);
			buildRules = (
			);
			dependencies = (
				04FACEDF1AADBCF9009789BA /* PBXTargetDependency */,
			);
			name = aMedTests;
			productName = aMedTests;
			productReference = 04FACEDD1AADBCF9009789BA /* aMedTests.xctest */;
			productType = "com.apple.product-type.bundle.unit-test";
		};
/* End PBXNativeTarget section */

/* Begin PBXProject section */
		04FACEB91AADBCF9009789BA /* Project object */ = {
			isa = PBXProject;
			attributes = {
				LastUpgradeCheck = 0610;
				ORGANIZATIONNAME = MacBarhaug;
				TargetAttributes = {
					04FACEC01AADBCF9009789BA = {
						CreatedOnToolsVersion = 6.1.1;
					};
					04FACEDC1AADBCF9009789BA = {
						CreatedOnToolsVersion = 6.1.1;
						TestTargetID = 04FACEC01AADBCF9009789BA;
					};
				};
			};
			buildConfigurationList = 04FACEBC1AADBCF9009789BA /* Build configuration list for PBXProject "aMed" */;
			compatibilityVersion = "Xcode 3.2";
			developmentRegion = English;
			hasScannedForEncodings = 0;
			knownRegions = (
				en,
				Base,
			);
			mainGroup = 04FACEB81AADBCF9009789BA;
			productRefGroup = 04FACEC21AADBCF9009789BA /* Products */;
			projectDirPath = "";
			projectRoot = "";
			targets = (
				04FACEC01AADBCF9009789BA /* aMed */,
				04FACEDC1AADBCF9009789BA /* aMedTests */,
			);
		};
/* End PBXProject section */

/* Begin PBXResourcesBuildPhase section */
		04FACEBF1AADBCF9009789BA /* Resources */ = {
			isa = PBXResourcesBuildPhase;
			buildActionMask = 2147483647;
			files = (
				04FACED31AADBCF9009789BA /* Main.storyboard in Resources */,
				04FACED81AADBCF9009789BA /* LaunchScreen.xib in Resources */,
				04FACED51AADBCF9009789BA /* Images.xcassets in Resources */,
			);
			runOnlyForDeploymentPostprocessing = 0;
		};
		04FACEDB1AADBCF9009789BA /* Resources */ = {
			isa = PBXResourcesBuildPhase;
			buildActionMask = 2147483647;
			files = (
			);
			runOnlyForDeploymentPostprocessing = 0;
		};
/* End PBXResourcesBuildPhase section */

/* Begin PBXSourcesBuildPhase section */
		04FACEBD1AADBCF9009789BA /* Sources */ = {
			isa = PBXSourcesBuildPhase;
			buildActionMask = 2147483647;
			files = (
				04FACED01AADBCF9009789BA /* SecondViewController.m in Sources */,
				04FACECA1AADBCF9009789BA /* AppDelegate.m in Sources */,
				5C218CD41AADCF7400D408AC /* TabBarViewController.m in Sources */,
				5C218CD11AADCEC100D408AC /* NavBarViewController.m in Sources */,
				04FACECD1AADBCF9009789BA /* NyhetsViewController.m in Sources */,
				04FACEC71AADBCF9009789BA /* main.m in Sources */,
				5C218CCE1AADC5AA00D408AC /* finnBehandlerTableViewController.m in Sources */,
				043B78FE1AB6E17200D7E10B /* BehListeTableViewController.m in Sources */,
			);
			runOnlyForDeploymentPostprocessing = 0;
		};
		04FACED91AADBCF9009789BA /* Sources */ = {
			isa = PBXSourcesBuildPhase;
			buildActionMask = 2147483647;
			files = (
				04FACEE41AADBCF9009789BA /* aMedTests.m in Sources */,
			);
			runOnlyForDeploymentPostprocessing = 0;
		};
/* End PBXSourcesBuildPhase section */

/* Begin PBXTargetDependency section */
		04FACEDF1AADBCF9009789BA /* PBXTargetDependency */ = {
			isa = PBXTargetDependency;
			target = 04FACEC01AADBCF9009789BA /* aMed */;
			targetProxy = 04FACEDE1AADBCF9009789BA /* PBXContainerItemProxy */;
		};
/* End PBXTargetDependency section */

/* Begin PBXVariantGroup section */
		04FACED11AADBCF9009789BA /* Main.storyboard */ = {
			isa = PBXVariantGroup;
			children = (
				04FACED21AADBCF9009789BA /* Base */,
			);
			name = Main.storyboard;
			sourceTree = "<group>";
		};
		04FACED61AADBCF9009789BA /* LaunchScreen.xib */ = {
			isa = PBXVariantGroup;
			children = (
				04FACED71AADBCF9009789BA /* Base */,
			);
			name = LaunchScreen.xib;
			sourceTree = "<group>";
		};
/* End PBXVariantGroup section */

/* Begin XCBuildConfiguration section */
		04FACEE51AADBCF9009789BA /* Debug */ = {
			isa = XCBuildConfiguration;
			buildSettings = {
				ALWAYS_SEARCH_USER_PATHS = NO;
				CLANG_CXX_LANGUAGE_STANDARD = "gnu++0x";
				CLANG_CXX_LIBRARY = "libc++";
				CLANG_ENABLE_MODULES = YES;
				CLANG_ENABLE_OBJC_ARC = YES;
				CLANG_WARN_BOOL_CONVERSION = YES;
				CLANG_WARN_CONSTANT_CONVERSION = YES;
				CLANG_WARN_DIRECT_OBJC_ISA_USAGE = YES_ERROR;
				CLANG_WARN_EMPTY_BODY = YES;
				CLANG_WARN_ENUM_CONVERSION = YES;
				CLANG_WARN_INT_CONVERSION = YES;
				CLANG_WARN_OBJC_ROOT_CLASS = YES_ERROR;
				CLANG_WARN_UNREACHABLE_CODE = YES;
				CLANG_WARN__DUPLICATE_METHOD_MATCH = YES;
				"CODE_SIGN_IDENTITY[sdk=iphoneos*]" = "iPhone Developer";
				COPY_PHASE_STRIP = NO;
				ENABLE_STRICT_OBJC_MSGSEND = YES;
				GCC_C_LANGUAGE_STANDARD = gnu99;
				GCC_DYNAMIC_NO_PIC = NO;
				GCC_OPTIMIZATION_LEVEL = 0;
				GCC_PREPROCESSOR_DEFINITIONS = (
					"DEBUG=1",
					"$(inherited)",
				);
				GCC_SYMBOLS_PRIVATE_EXTERN = NO;
				GCC_WARN_64_TO_32_BIT_CONVERSION = YES;
				GCC_WARN_ABOUT_RETURN_TYPE = YES_ERROR;
				GCC_WARN_UNDECLARED_SELECTOR = YES;
				GCC_WARN_UNINITIALIZED_AUTOS = YES_AGGRESSIVE;
				GCC_WARN_UNUSED_FUNCTION = YES;
				GCC_WARN_UNUSED_VARIABLE = YES;
				IPHONEOS_DEPLOYMENT_TARGET = 8.1;
				MTL_ENABLE_DEBUG_INFO = YES;
				ONLY_ACTIVE_ARCH = YES;
				SDKROOT = iphoneos;
			};
			name = Debug;
		};
		04FACEE61AADBCF9009789BA /* Release */ = {
			isa = XCBuildConfiguration;
			buildSettings = {
				ALWAYS_SEARCH_USER_PATHS = NO;
				CLANG_CXX_LANGUAGE_STANDARD = "gnu++0x";
				CLANG_CXX_LIBRARY = "libc++";
				CLANG_ENABLE_MODULES = YES;
				CLANG_ENABLE_OBJC_ARC = YES;
				CLANG_WARN_BOOL_CONVERSION = YES;
				CLANG_WARN_CONSTANT_CONVERSION = YES;
				CLANG_WARN_DIRECT_OBJC_ISA_USAGE = YES_ERROR;
				CLANG_WARN_EMPTY_BODY = YES;
				CLANG_WARN_ENUM_CONVERSION = YES;
				CLANG_WARN_INT_CONVERSION = YES;
				CLANG_WARN_OBJC_ROOT_CLASS = YES_ERROR;
				CLANG_WARN_UNREACHABLE_CODE = YES;
				CLANG_WARN__DUPLICATE_METHOD_MATCH = YES;
				"CODE_SIGN_IDENTITY[sdk=iphoneos*]" = "iPhone Developer";
				COPY_PHASE_STRIP = YES;
				ENABLE_NS_ASSERTIONS = NO;
				ENABLE_STRICT_OBJC_MSGSEND = YES;
				GCC_C_LANGUAGE_STANDARD = gnu99;
				GCC_WARN_64_TO_32_BIT_CONVERSION = YES;
				GCC_WARN_ABOUT_RETURN_TYPE = YES_ERROR;
				GCC_WARN_UNDECLARED_SELECTOR = YES;
				GCC_WARN_UNINITIALIZED_AUTOS = YES_AGGRESSIVE;
				GCC_WARN_UNUSED_FUNCTION = YES;
				GCC_WARN_UNUSED_VARIABLE = YES;
				IPHONEOS_DEPLOYMENT_TARGET = 8.1;
				MTL_ENABLE_DEBUG_INFO = NO;
				SDKROOT = iphoneos;
				VALIDATE_PRODUCT = YES;
			};
			name = Release;
		};
		04FACEE81AADBCF9009789BA /* Debug */ = {
			isa = XCBuildConfiguration;
			buildSettings = {
				ASSETCATALOG_COMPILER_APPICON_NAME = AppIcon;
				INFOPLIST_FILE = aMed/Info.plist;
				LD_RUNPATH_SEARCH_PATHS = "$(inherited) @executable_path/Frameworks";
				PRODUCT_NAME = "$(TARGET_NAME)";
				VALID_ARCHS = "armv7 armv7s arm64";
			};
			name = Debug;
		};
		04FACEE91AADBCF9009789BA /* Release */ = {
			isa = XCBuildConfiguration;
			buildSettings = {
				ASSETCATALOG_COMPILER_APPICON_NAME = AppIcon;
				INFOPLIST_FILE = aMed/Info.plist;
				LD_RUNPATH_SEARCH_PATHS = "$(inherited) @executable_path/Frameworks";
				PRODUCT_NAME = "$(TARGET_NAME)";
				VALID_ARCHS = "armv7 armv7s arm64";
			};
			name = Release;
		};
		04FACEEB1AADBCF9009789BA /* Debug */ = {
			isa = XCBuildConfiguration;
			buildSettings = {
				BUNDLE_LOADER = "$(TEST_HOST)";
				FRAMEWORK_SEARCH_PATHS = (
					"$(SDKROOT)/Developer/Library/Frameworks",
					"$(inherited)",
				);
				GCC_PREPROCESSOR_DEFINITIONS = (
					"DEBUG=1",
					"$(inherited)",
				);
				INFOPLIST_FILE = aMedTests/Info.plist;
				LD_RUNPATH_SEARCH_PATHS = "$(inherited) @executable_path/Frameworks @loader_path/Frameworks";
				PRODUCT_NAME = "$(TARGET_NAME)";
				TEST_HOST = "$(BUILT_PRODUCTS_DIR)/aMed.app/aMed";
			};
			name = Debug;
		};
		04FACEEC1AADBCF9009789BA /* Release */ = {
			isa = XCBuildConfiguration;
			buildSettings = {
				BUNDLE_LOADER = "$(TEST_HOST)";
				FRAMEWORK_SEARCH_PATHS = (
					"$(SDKROOT)/Developer/Library/Frameworks",
					"$(inherited)",
				);
				INFOPLIST_FILE = aMedTests/Info.plist;
				LD_RUNPATH_SEARCH_PATHS = "$(inherited) @executable_path/Frameworks @loader_path/Frameworks";
				PRODUCT_NAME = "$(TARGET_NAME)";
				TEST_HOST = "$(BUILT_PRODUCTS_DIR)/aMed.app/aMed";
			};
			name = Release;
		};
/* End XCBuildConfiguration section */

/* Begin XCConfigurationList section */
		04FACEBC1AADBCF9009789BA /* Build configuration list for PBXProject "aMed" */ = {
			isa = XCConfigurationList;
			buildConfigurations = (
				04FACEE51AADBCF9009789BA /* Debug */,
				04FACEE61AADBCF9009789BA /* Release */,
			);
			defaultConfigurationIsVisible = 0;
			defaultConfigurationName = Release;
		};
		04FACEE71AADBCF9009789BA /* Build configuration list for PBXNativeTarget "aMed" */ = {
			isa = XCConfigurationList;
			buildConfigurations = (
				04FACEE81AADBCF9009789BA /* Debug */,
				04FACEE91AADBCF9009789BA /* Release */,
			);
			defaultConfigurationIsVisible = 0;
			defaultConfigurationName = Release;
		};
		04FACEEA1AADBCF9009789BA /* Build configuration list for PBXNativeTarget "aMedTests" */ = {
			isa = XCConfigurationList;
			buildConfigurations = (
				04FACEEB1AADBCF9009789BA /* Debug */,
				04FACEEC1AADBCF9009789BA /* Release */,
			);
			defaultConfigurationIsVisible = 0;
			defaultConfigurationName = Release;
		};
/* End XCConfigurationList section */
	};
	rootObject = 04FACEB91AADBCF9009789BA /* Project object */;
}
